{
  "name": "cra-template-sirendesign",
  "version": "2.0.2",
  "lockfileVersion": 3,
  "requires": true,
  "packages": {
    "": {
      "name": "cra-template-sirendesign",
      "version": "2.0.2",
      "license": "ISC",
      "dependencies": {
        "swiper": "^11.2.1"
      }
    },
    "node_modules/swiper": {
      "version": "11.2.1",
      "resolved": "https://registry.npmjs.org/swiper/-/swiper-11.2.1.tgz",
      "integrity": "sha512-62G69+iQRIfUqTmJkWpZDcX891Ra8O9050ckt1/JI2H+0483g+gq0m7gINecDqMtDh2zt5dK+uzBRxGhGOOvQA==",
      "funding": [
        {
          "type": "patreon",
          "url": "https://www.patreon.com/swiperjs"
        },
        {
          "type": "open_collective",
          "url": "http://opencollective.com/swiper"
        }
      ],
      "license": "MIT",
      "engines": {
        "node": ">= 4.7.0"
      }
    }
  }
}
